
Microsoft Visual Studio Solution File, Format Version 12.00
# Visual Studio Version 17
VisualStudioVersion = 17.1.32407.343
MinimumVisualStudioVersion = 10.0.40219.1
Project("{FAE04EC0-301F-11D3-BF4B-00C04F79EFBC}") = "SunFileManager", "SunFileManager\SunFileManager.csproj", "{BF8EEA7B-F0CD-45E4-8D71-5F3451A3467B}"
EndProject
Project("{2150E333-8FDC-42A3-9474-1A3956D46DE8}") = "Solution Items", "Solution Items", "{A8976453-335E-423D-8AB8-80BDADDE8106}"
	ProjectSection(SolutionItems) = preProject
		.editorconfig = .editorconfig
	EndProjectSection
EndProject
Project("{FAE04EC0-301F-11D3-BF4B-00C04F79EFBC}") = "SunLibrary", "SunLibrary\SunLibrary.csproj", "{0DA8B121-D068-4EC3-BCBF-A0CAA6F83EFB}"
EndProject
Global
	GlobalSection(SolutionConfigurationPlatforms) = preSolution
		Debug|Any CPU = Debug|Any CPU
		Debug|ARM = Debug|ARM
		Debug|ARM64 = Debug|ARM64
		Debug|x64 = Debug|x64
		Debug|x86 = Debug|x86
		Release|Any CPU = Release|Any CPU
		Release|ARM = Release|ARM
		Release|ARM64 = Release|ARM64
		Release|x64 = Release|x64
		Release|x86 = Release|x86
	EndGlobalSection
	GlobalSection(ProjectConfigurationPlatforms) = postSolution
		{BF8EEA7B-F0CD-45E4-8D71-5F3451A3467B}.Debug|Any CPU.ActiveCfg = Debug|Any CPU
		{BF8EEA7B-F0CD-45E4-8D71-5F3451A3467B}.Debug|Any CPU.Build.0 = Debug|Any CPU
		{BF8EEA7B-F0CD-45E4-8D71-5F3451A3467B}.Debug|ARM.ActiveCfg = Debug|Any CPU
		{BF8EEA7B-F0CD-45E4-8D71-5F3451A3467B}.Debug|ARM.Build.0 = Debug|Any CPU
		{BF8EEA7B-F0CD-45E4-8D71-5F3451A3467B}.Debug|ARM64.ActiveCfg = Debug|Any CPU
		{BF8EEA7B-F0CD-45E4-8D71-5F3451A3467B}.Debug|ARM64.Build.0 = Debug|Any CPU
		{BF8EEA7B-F0CD-45E4-8D71-5F3451A3467B}.Debug|x64.ActiveCfg = Debug|Any CPU
		{BF8EEA7B-F0CD-45E4-8D71-5F3451A3467B}.Debug|x64.Build.0 = Debug|Any CPU
		{BF8EEA7B-F0CD-45E4-8D71-5F3451A3467B}.Debug|x86.ActiveCfg = Debug|Any CPU
		{BF8EEA7B-F0CD-45E4-8D71-5F3451A3467B}.Debug|x86.Build.0 = Debug|Any CPU
		{BF8EEA7B-F0CD-45E4-8D71-5F3451A3467B}.Release|Any CPU.ActiveCfg = Release|Any CPU
		{BF8EEA7B-F0CD-45E4-8D71-5F3451A3467B}.Release|Any CPU.Build.0 = Release|Any CPU
		{BF8EEA7B-F0CD-45E4-8D71-5F3451A3467B}.Release|ARM.ActiveCfg = Release|Any CPU
		{BF8EEA7B-F0CD-45E4-8D71-5F3451A3467B}.Release|ARM.Build.0 = Release|Any CPU
		{BF8EEA7B-F0CD-45E4-8D71-5F3451A3467B}.Release|ARM64.ActiveCfg = Release|Any CPU
		{BF8EEA7B-F0CD-45E4-8D71-5F3451A3467B}.Release|ARM64.Build.0 = Release|Any CPU
		{BF8EEA7B-F0CD-45E4-8D71-5F3451A3467B}.Release|x64.ActiveCfg = Release|Any CPU
		{BF8EEA7B-F0CD-45E4-8D71-5F3451A3467B}.Release|x64.Build.0 = Release|Any CPU
		{BF8EEA7B-F0CD-45E4-8D71-5F3451A3467B}.Release|x86.ActiveCfg = Release|Any CPU
		{BF8EEA7B-F0CD-45E4-8D71-5F3451A3467B}.Release|x86.Build.0 = Release|Any CPU
		{0DA8B121-D068-4EC3-BCBF-A0CAA6F83EFB}.Debug|Any CPU.ActiveCfg = Debug|Any CPU
		{0DA8B121-D068-4EC3-BCBF-A0CAA6F83EFB}.Debug|Any CPU.Build.0 = Debug|Any CPU
		{0DA8B121-D068-4EC3-BCBF-A0CAA6F83EFB}.Debug|ARM.ActiveCfg = Debug|Any CPU
		{0DA8B121-D068-4EC3-BCBF-A0CAA6F83EFB}.Debug|ARM.Build.0 = Debug|Any CPU
		{0DA8B121-D068-4EC3-BCBF-A0CAA6F83EFB}.Debug|ARM64.ActiveCfg = Debug|Any CPU
		{0DA8B121-D068-4EC3-BCBF-A0CAA6F83EFB}.Debug|ARM64.Build.0 = Debug|Any CPU
		{0DA8B121-D068-4EC3-BCBF-A0CAA6F83EFB}.Debug|x64.ActiveCfg = Debug|Any CPU
		{0DA8B121-D068-4EC3-BCBF-A0CAA6F83EFB}.Debug|x64.Build.0 = Debug|Any CPU
		{0DA8B121-D068-4EC3-BCBF-A0CAA6F83EFB}.Debug|x86.ActiveCfg = Debug|Any CPU
		{0DA8B121-D068-4EC3-BCBF-A0CAA6F83EFB}.Debug|x86.Build.0 = Debug|Any CPU
		{0DA8B121-D068-4EC3-BCBF-A0CAA6F83EFB}.Release|Any CPU.ActiveCfg = Release|Any CPU
		{0DA8B121-D068-4EC3-BCBF-A0CAA6F83EFB}.Release|Any CPU.Build.0 = Release|Any CPU
		{0DA8B121-D068-4EC3-BCBF-A0CAA6F83EFB}.Release|ARM.ActiveCfg = Release|Any CPU
		{0DA8B121-D068-4EC3-BCBF-A0CAA6F83EFB}.Release|ARM.Build.0 = Release|Any CPU
		{0DA8B121-D068-4EC3-BCBF-A0CAA6F83EFB}.Release|ARM64.ActiveCfg = Release|Any CPU
		{0DA8B121-D068-4EC3-BCBF-A0CAA6F83EFB}.Release|ARM64.Build.0 = Release|Any CPU
		{0DA8B121-D068-4EC3-BCBF-A0CAA6F83EFB}.Release|x64.ActiveCfg = Release|Any CPU
		{0DA8B121-D068-4EC3-BCBF-A0CAA6F83EFB}.Release|x64.Build.0 = Release|Any CPU
		{0DA8B121-D068-4EC3-BCBF-A0CAA6F83EFB}.Release|x86.ActiveCfg = Release|Any CPU
		{0DA8B121-D068-4EC3-BCBF-A0CAA6F83EFB}.Release|x86.Build.0 = Release|Any CPU
	EndGlobalSection
	GlobalSection(SolutionProperties) = preSolution
		HideSolutionNode = FALSE
	EndGlobalSection
	GlobalSection(ExtensibilityGlobals) = postSolution
		SolutionGuid = {22452EF7-DF7D-44FB-9CE0-E262D3C09DF8}
	EndGlobalSection
EndGlobal
